
Microsoft Visual Studio Solution File, Format Version 12.00
# Visual Studio Version 17
VisualStudioVersion = 17.14.36616.10 d17.14
MinimumVisualStudioVersion = 10.0.40219.1
Project("{FAE04EC0-301F-11D3-BF4B-00C04F79EFBC}") = "Kool Ref Inventory System", "Kool Ref Inventory System\Kool Ref Inventory System.csproj", "{DAC00FEF-305F-4019-AE5A-C04D50425337}"
EndProject
Global
	GlobalSection(SolutionConfigurationPlatforms) = preSolution
		Debug|Any CPU = Debug|Any CPU
		Release|Any CPU = Release|Any CPU
	EndGlobalSection
	GlobalSection(ProjectConfigurationPlatforms) = postSolution
		{DAC00FEF-305F-4019-AE5A-C04D50425337}.Debug|Any CPU.ActiveCfg = Debug|Any CPU
		{DAC00FEF-305F-4019-AE5A-C04D50425337}.Debug|Any CPU.Build.0 = Debug|Any CPU
		{DAC00FEF-305F-4019-AE5A-C04D50425337}.Release|Any CPU.ActiveCfg = Release|Any CPU
		{DAC00FEF-305F-4019-AE5A-C04D50425337}.Release|Any CPU.Build.0 = Release|Any CPU
	EndGlobalSection
	GlobalSection(SolutionProperties) = preSolution
		HideSolutionNode = FALSE
	EndGlobalSection
	GlobalSection(ExtensibilityGlobals) = postSolution
		SolutionGuid = {978D6E8B-76FD-46F2-9E21-2EAB7C05F12E}
	EndGlobalSection
EndGlobal
